
Microsoft Visual Studio Solution File, Format Version 12.00
# Visual Studio Version 17
VisualStudioVersion = 17.0.31903.59
MinimumVisualStudioVersion = 10.0.40219.1
Project("{2150E333-8FDC-42A3-9474-1A3956D46DE8}") = "src", "src", "{827E0CD3-B72D-47B6-A68D-7590B98EB39B}"
EndProject
Project("{FAE04EC0-301F-11D3-BF4B-00C04F79EFBC}") = "SwitchNro.Common", "src\SwitchNro.Common\SwitchNro.Common.csproj", "{024860FD-39E7-4CB9-B731-634B9336E216}"
EndProject
Project("{FAE04EC0-301F-11D3-BF4B-00C04F79EFBC}") = "SwitchNro.Memory", "src\SwitchNro.Memory\SwitchNro.Memory.csproj", "{CEF3CA0A-02B1-482D-A396-A503742189EF}"
EndProject
Project("{FAE04EC0-301F-11D3-BF4B-00C04F79EFBC}") = "SwitchNro.Cpu", "src\SwitchNro.Cpu\SwitchNro.Cpu.csproj", "{77A8F342-D985-423F-93A3-05AE461D7400}"
EndProject
Project("{FAE04EC0-301F-11D3-BF4B-00C04F79EFBC}") = "SwitchNro.NroLoader", "src\SwitchNro.NroLoader\SwitchNro.NroLoader.csproj", "{9AEC2C83-F538-4A04-A528-A8830CFCFCC4}"
EndProject
Project("{FAE04EC0-301F-11D3-BF4B-00C04F79EFBC}") = "SwitchNro.Horizon", "src\SwitchNro.Horizon\SwitchNro.Horizon.csproj", "{5635FFD4-B260-4BD3-8EAA-D514534176B6}"
EndProject
Project("{FAE04EC0-301F-11D3-BF4B-00C04F79EFBC}") = "SwitchNro.HLE", "src\SwitchNro.HLE\SwitchNro.HLE.csproj", "{5E72D173-6006-4788-ABEC-27FA9E76023F}"
EndProject
Project("{FAE04EC0-301F-11D3-BF4B-00C04F79EFBC}") = "SwitchNro.Graphics.GAL", "src\SwitchNro.Graphics.GAL\SwitchNro.Graphics.GAL.csproj", "{2E655544-213A-4C93-B124-20A686274B0B}"
EndProject
Project("{FAE04EC0-301F-11D3-BF4B-00C04F79EFBC}") = "SwitchNro.Graphics.Metal", "src\SwitchNro.Graphics.Metal\SwitchNro.Graphics.Metal.csproj", "{2198E343-2DA0-4208-9DB7-B8189D8749C8}"
EndProject
Project("{FAE04EC0-301F-11D3-BF4B-00C04F79EFBC}") = "SwitchNro.Graphics.Vulkan", "src\SwitchNro.Graphics.Vulkan\SwitchNro.Graphics.Vulkan.csproj", "{3A8EC2E8-647F-4623-AA8D-5BAA4C633DF1}"
EndProject
Project("{FAE04EC0-301F-11D3-BF4B-00C04F79EFBC}") = "SwitchNro.Graphics.Shader", "src\SwitchNro.Graphics.Shader\SwitchNro.Graphics.Shader.csproj", "{4E017CB3-29D4-4B07-8084-B1F26EA19E83}"
EndProject
Project("{FAE04EC0-301F-11D3-BF4B-00C04F79EFBC}") = "SwitchNro.Graphics.Texture", "src\SwitchNro.Graphics.Texture\SwitchNro.Graphics.Texture.csproj", "{8581E362-A4A8-46BC-A478-6A75871234A0}"
EndProject
Project("{FAE04EC0-301F-11D3-BF4B-00C04F79EFBC}") = "SwitchNro.Input", "src\SwitchNro.Input\SwitchNro.Input.csproj", "{FCDC8D45-218A-473E-A12F-DA69562651DE}"
EndProject
Project("{FAE04EC0-301F-11D3-BF4B-00C04F79EFBC}") = "SwitchNro.Audio", "src\SwitchNro.Audio\SwitchNro.Audio.csproj", "{B477A968-63F5-43F5-8BB4-F834957EAD62}"
EndProject
Project("{FAE04EC0-301F-11D3-BF4B-00C04F79EFBC}") = "SwitchNro.Audio.SDL2", "src\SwitchNro.Audio.SDL2\SwitchNro.Audio.SDL2.csproj", "{31923517-ED8C-449A-9228-8DA9F398C277}"
EndProject
Project("{FAE04EC0-301F-11D3-BF4B-00C04F79EFBC}") = "SwitchNro.Audio.CoreAudio", "src\SwitchNro.Audio.CoreAudio\SwitchNro.Audio.CoreAudio.csproj", "{7276AB23-018C-4DCA-97E6-E82C5D2D4DDE}"
EndProject
Project("{FAE04EC0-301F-11D3-BF4B-00C04F79EFBC}") = "SwitchNro.Debugger", "src\SwitchNro.Debugger\SwitchNro.Debugger.csproj", "{E3766CD3-1AE4-43FF-B1A3-4C9CDC8762DF}"
EndProject
Project("{FAE04EC0-301F-11D3-BF4B-00C04F79EFBC}") = "SwitchNro.UI", "src\SwitchNro.UI\SwitchNro.UI.csproj", "{7D1E7CE8-C48B-4BA5-AB9E-2C00477C56D1}"
EndProject
Project("{FAE04EC0-301F-11D3-BF4B-00C04F79EFBC}") = "SwitchNro.Tests", "src\SwitchNro.Tests\SwitchNro.Tests.csproj", "{76E8C3DA-3A11-45C1-AD12-3E768FEE1062}"
EndProject
Global
	GlobalSection(SolutionConfigurationPlatforms) = preSolution
		Debug|Any CPU = Debug|Any CPU
		Debug|x64 = Debug|x64
		Debug|x86 = Debug|x86
		Release|Any CPU = Release|Any CPU
		Release|x64 = Release|x64
		Release|x86 = Release|x86
	EndGlobalSection
	GlobalSection(ProjectConfigurationPlatforms) = postSolution
		{024860FD-39E7-4CB9-B731-634B9336E216}.Debug|Any CPU.ActiveCfg = Debug|Any CPU
		{024860FD-39E7-4CB9-B731-634B9336E216}.Debug|Any CPU.Build.0 = Debug|Any CPU
		{024860FD-39E7-4CB9-B731-634B9336E216}.Debug|x64.ActiveCfg = Debug|Any CPU
		{024860FD-39E7-4CB9-B731-634B9336E216}.Debug|x64.Build.0 = Debug|Any CPU
		{024860FD-39E7-4CB9-B731-634B9336E216}.Debug|x86.ActiveCfg = Debug|Any CPU
		{024860FD-39E7-4CB9-B731-634B9336E216}.Debug|x86.Build.0 = Debug|Any CPU
		{024860FD-39E7-4CB9-B731-634B9336E216}.Release|Any CPU.ActiveCfg = Release|Any CPU
		{024860FD-39E7-4CB9-B731-634B9336E216}.Release|Any CPU.Build.0 = Release|Any CPU
		{024860FD-39E7-4CB9-B731-634B9336E216}.Release|x64.ActiveCfg = Release|Any CPU
		{024860FD-39E7-4CB9-B731-634B9336E216}.Release|x64.Build.0 = Release|Any CPU
		{024860FD-39E7-4CB9-B731-634B9336E216}.Release|x86.ActiveCfg = Release|Any CPU
		{024860FD-39E7-4CB9-B731-634B9336E216}.Release|x86.Build.0 = Release|Any CPU
		{CEF3CA0A-02B1-482D-A396-A503742189EF}.Debug|Any CPU.ActiveCfg = Debug|Any CPU
		{CEF3CA0A-02B1-482D-A396-A503742189EF}.Debug|Any CPU.Build.0 = Debug|Any CPU
		{CEF3CA0A-02B1-482D-A396-A503742189EF}.Debug|x64.ActiveCfg = Debug|Any CPU
		{CEF3CA0A-02B1-482D-A396-A503742189EF}.Debug|x64.Build.0 = Debug|Any CPU
		{CEF3CA0A-02B1-482D-A396-A503742189EF}.Debug|x86.ActiveCfg = Debug|Any CPU
		{CEF3CA0A-02B1-482D-A396-A503742189EF}.Debug|x86.Build.0 = Debug|Any CPU
		{CEF3CA0A-02B1-482D-A396-A503742189EF}.Release|Any CPU.ActiveCfg = Release|Any CPU
		{CEF3CA0A-02B1-482D-A396-A503742189EF}.Release|Any CPU.Build.0 = Release|Any CPU
		{CEF3CA0A-02B1-482D-A396-A503742189EF}.Release|x64.ActiveCfg = Release|Any CPU
		{CEF3CA0A-02B1-482D-A396-A503742189EF}.Release|x64.Build.0 = Release|Any CPU
		{CEF3CA0A-02B1-482D-A396-A503742189EF}.Release|x86.ActiveCfg = Release|Any CPU
		{CEF3CA0A-02B1-482D-A396-A503742189EF}.Release|x86.Build.0 = Release|Any CPU
		{77A8F342-D985-423F-93A3-05AE461D7400}.Debug|Any CPU.ActiveCfg = Debug|Any CPU
		{77A8F342-D985-423F-93A3-05AE461D7400}.Debug|Any CPU.Build.0 = Debug|Any CPU
		{77A8F342-D985-423F-93A3-05AE461D7400}.Debug|x64.ActiveCfg = Debug|Any CPU
		{77A8F342-D985-423F-93A3-05AE461D7400}.Debug|x64.Build.0 = Debug|Any CPU
		{77A8F342-D985-423F-93A3-05AE461D7400}.Debug|x86.ActiveCfg = Debug|Any CPU
		{77A8F342-D985-423F-93A3-05AE461D7400}.Debug|x86.Build.0 = Debug|Any CPU
		{77A8F342-D985-423F-93A3-05AE461D7400}.Release|Any CPU.ActiveCfg = Release|Any CPU
		{77A8F342-D985-423F-93A3-05AE461D7400}.Release|Any CPU.Build.0 = Release|Any CPU
		{77A8F342-D985-423F-93A3-05AE461D7400}.Release|x64.ActiveCfg = Release|Any CPU
		{77A8F342-D985-423F-93A3-05AE461D7400}.Release|x64.Build.0 = Release|Any CPU
		{77A8F342-D985-423F-93A3-05AE461D7400}.Release|x86.ActiveCfg = Release|Any CPU
		{77A8F342-D985-423F-93A3-05AE461D7400}.Release|x86.Build.0 = Release|Any CPU
		{9AEC2C83-F538-4A04-A528-A8830CFCFCC4}.Debug|Any CPU.ActiveCfg = Debug|Any CPU
		{9AEC2C83-F538-4A04-A528-A8830CFCFCC4}.Debug|Any CPU.Build.0 = Debug|Any CPU
		{9AEC2C83-F538-4A04-A528-A8830CFCFCC4}.Debug|x64.ActiveCfg = Debug|Any CPU
		{9AEC2C83-F538-4A04-A528-A8830CFCFCC4}.Debug|x64.Build.0 = Debug|Any CPU
		{9AEC2C83-F538-4A04-A528-A8830CFCFCC4}.Debug|x86.ActiveCfg = Debug|Any CPU
		{9AEC2C83-F538-4A04-A528-A8830CFCFCC4}.Debug|x86.Build.0 = Debug|Any CPU
		{9AEC2C83-F538-4A04-A528-A8830CFCFCC4}.Release|Any CPU.ActiveCfg = Release|Any CPU
		{9AEC2C83-F538-4A04-A528-A8830CFCFCC4}.Release|Any CPU.Build.0 = Release|Any CPU
		{9AEC2C83-F538-4A04-A528-A8830CFCFCC4}.Release|x64.ActiveCfg = Release|Any CPU
		{9AEC2C83-F538-4A04-A528-A8830CFCFCC4}.Release|x64.Build.0 = Release|Any CPU
		{9AEC2C83-F538-4A04-A528-A8830CFCFCC4}.Release|x86.ActiveCfg = Release|Any CPU
		{9AEC2C83-F538-4A04-A528-A8830CFCFCC4}.Release|x86.Build.0 = Release|Any CPU
		{5635FFD4-B260-4BD3-8EAA-D514534176B6}.Debug|Any CPU.ActiveCfg = Debug|Any CPU
		{5635FFD4-B260-4BD3-8EAA-D514534176B6}.Debug|Any CPU.Build.0 = Debug|Any CPU
		{5635FFD4-B260-4BD3-8EAA-D514534176B6}.Debug|x64.ActiveCfg = Debug|Any CPU
		{5635FFD4-B260-4BD3-8EAA-D514534176B6}.Debug|x64.Build.0 = Debug|Any CPU
		{5635FFD4-B260-4BD3-8EAA-D514534176B6}.Debug|x86.ActiveCfg = Debug|Any CPU
		{5635FFD4-B260-4BD3-8EAA-D514534176B6}.Debug|x86.Build.0 = Debug|Any CPU
		{5635FFD4-B260-4BD3-8EAA-D514534176B6}.Release|Any CPU.ActiveCfg = Release|Any CPU
		{5635FFD4-B260-4BD3-8EAA-D514534176B6}.Release|Any CPU.Build.0 = Release|Any CPU
		{5635FFD4-B260-4BD3-8EAA-D514534176B6}.Release|x64.ActiveCfg = Release|Any CPU
		{5635FFD4-B260-4BD3-8EAA-D514534176B6}.Release|x64.Build.0 = Release|Any CPU
		{5635FFD4-B260-4BD3-8EAA-D514534176B6}.Release|x86.ActiveCfg = Release|Any CPU
		{5635FFD4-B260-4BD3-8EAA-D514534176B6}.Release|x86.Build.0 = Release|Any CPU
		{5E72D173-6006-4788-ABEC-27FA9E76023F}.Debug|Any CPU.ActiveCfg = Debug|Any CPU
		{5E72D173-6006-4788-ABEC-27FA9E76023F}.Debug|Any CPU.Build.0 = Debug|Any CPU
		{5E72D173-6006-4788-ABEC-27FA9E76023F}.Debug|x64.ActiveCfg = Debug|Any CPU
		{5E72D173-6006-4788-ABEC-27FA9E76023F}.Debug|x64.Build.0 = Debug|Any CPU
		{5E72D173-6006-4788-ABEC-27FA9E76023F}.Debug|x86.ActiveCfg = Debug|Any CPU
		{5E72D173-6006-4788-ABEC-27FA9E76023F}.Debug|x86.Build.0 = Debug|Any CPU
		{5E72D173-6006-4788-ABEC-27FA9E76023F}.Release|Any CPU.ActiveCfg = Release|Any CPU
		{5E72D173-6006-4788-ABEC-27FA9E76023F}.Release|Any CPU.Build.0 = Release|Any CPU
		{5E72D173-6006-4788-ABEC-27FA9E76023F}.Release|x64.ActiveCfg = Release|Any CPU
		{5E72D173-6006-4788-ABEC-27FA9E76023F}.Release|x64.Build.0 = Release|Any CPU
		{5E72D173-6006-4788-ABEC-27FA9E76023F}.Release|x86.ActiveCfg = Release|Any CPU
		{5E72D173-6006-4788-ABEC-27FA9E76023F}.Release|x86.Build.0 = Release|Any CPU
		{2E655544-213A-4C93-B124-20A686274B0B}.Debug|Any CPU.ActiveCfg = Debug|Any CPU
		{2E655544-213A-4C93-B124-20A686274B0B}.Debug|Any CPU.Build.0 = Debug|Any CPU
		{2E655544-213A-4C93-B124-20A686274B0B}.Debug|x64.ActiveCfg = Debug|Any CPU
		{2E655544-213A-4C93-B124-20A686274B0B}.Debug|x64.Build.0 = Debug|Any CPU
		{2E655544-213A-4C93-B124-20A686274B0B}.Debug|x86.ActiveCfg = Debug|Any CPU
		{2E655544-213A-4C93-B124-20A686274B0B}.Debug|x86.Build.0 = Debug|Any CPU
		{2E655544-213A-4C93-B124-20A686274B0B}.Release|Any CPU.ActiveCfg = Release|Any CPU
		{2E655544-213A-4C93-B124-20A686274B0B}.Release|Any CPU.Build.0 = Release|Any CPU
		{2E655544-213A-4C93-B124-20A686274B0B}.Release|x64.ActiveCfg = Release|Any CPU
		{2E655544-213A-4C93-B124-20A686274B0B}.Release|x64.Build.0 = Release|Any CPU
		{2E655544-213A-4C93-B124-20A686274B0B}.Release|x86.ActiveCfg = Release|Any CPU
		{2E655544-213A-4C93-B124-20A686274B0B}.Release|x86.Build.0 = Release|Any CPU
		{2198E343-2DA0-4208-9DB7-B8189D8749C8}.Debug|Any CPU.ActiveCfg = Debug|Any CPU
		{2198E343-2DA0-4208-9DB7-B8189D8749C8}.Debug|Any CPU.Build.0 = Debug|Any CPU
		{2198E343-2DA0-4208-9DB7-B8189D8749C8}.Debug|x64.ActiveCfg = Debug|Any CPU
		{2198E343-2DA0-4208-9DB7-B8189D8749C8}.Debug|x64.Build.0 = Debug|Any CPU
		{2198E343-2DA0-4208-9DB7-B8189D8749C8}.Debug|x86.ActiveCfg = Debug|Any CPU
		{2198E343-2DA0-4208-9DB7-B8189D8749C8}.Debug|x86.Build.0 = Debug|Any CPU
		{2198E343-2DA0-4208-9DB7-B8189D8749C8}.Release|Any CPU.ActiveCfg = Release|Any CPU
		{2198E343-2DA0-4208-9DB7-B8189D8749C8}.Release|Any CPU.Build.0 = Release|Any CPU
		{2198E343-2DA0-4208-9DB7-B8189D8749C8}.Release|x64.ActiveCfg = Release|Any CPU
		{2198E343-2DA0-4208-9DB7-B8189D8749C8}.Release|x64.Build.0 = Release|Any CPU
		{2198E343-2DA0-4208-9DB7-B8189D8749C8}.Release|x86.ActiveCfg = Release|Any CPU
		{2198E343-2DA0-4208-9DB7-B8189D8749C8}.Release|x86.Build.0 = Release|Any CPU
		{3A8EC2E8-647F-4623-AA8D-5BAA4C633DF1}.Debug|Any CPU.ActiveCfg = Debug|Any CPU
		{3A8EC2E8-647F-4623-AA8D-5BAA4C633DF1}.Debug|Any CPU.Build.0 = Debug|Any CPU
		{3A8EC2E8-647F-4623-AA8D-5BAA4C633DF1}.Debug|x64.ActiveCfg = Debug|Any CPU
		{3A8EC2E8-647F-4623-AA8D-5BAA4C633DF1}.Debug|x64.Build.0 = Debug|Any CPU
		{3A8EC2E8-647F-4623-AA8D-5BAA4C633DF1}.Debug|x86.ActiveCfg = Debug|Any CPU
		{3A8EC2E8-647F-4623-AA8D-5BAA4C633DF1}.Debug|x86.Build.0 = Debug|Any CPU
		{3A8EC2E8-647F-4623-AA8D-5BAA4C633DF1}.Release|Any CPU.ActiveCfg = Release|Any CPU
		{3A8EC2E8-647F-4623-AA8D-5BAA4C633DF1}.Release|Any CPU.Build.0 = Release|Any CPU
		{3A8EC2E8-647F-4623-AA8D-5BAA4C633DF1}.Release|x64.ActiveCfg = Release|Any CPU
		{3A8EC2E8-647F-4623-AA8D-5BAA4C633DF1}.Release|x64.Build.0 = Release|Any CPU
		{3A8EC2E8-647F-4623-AA8D-5BAA4C633DF1}.Release|x86.ActiveCfg = Release|Any CPU
		{3A8EC2E8-647F-4623-AA8D-5BAA4C633DF1}.Release|x86.Build.0 = Release|Any CPU
		{4E017CB3-29D4-4B07-8084-B1F26EA19E83}.Debug|Any CPU.ActiveCfg = Debug|Any CPU
		{4E017CB3-29D4-4B07-8084-B1F26EA19E83}.Debug|Any CPU.Build.0 = Debug|Any CPU
		{4E017CB3-29D4-4B07-8084-B1F26EA19E83}.Debug|x64.ActiveCfg = Debug|Any CPU
		{4E017CB3-29D4-4B07-8084-B1F26EA19E83}.Debug|x64.Build.0 = Debug|Any CPU
		{4E017CB3-29D4-4B07-8084-B1F26EA19E83}.Debug|x86.ActiveCfg = Debug|Any CPU
		{4E017CB3-29D4-4B07-8084-B1F26EA19E83}.Debug|x86.Build.0 = Debug|Any CPU
		{4E017CB3-29D4-4B07-8084-B1F26EA19E83}.Release|Any CPU.ActiveCfg = Release|Any CPU
		{4E017CB3-29D4-4B07-8084-B1F26EA19E83}.Release|Any CPU.Build.0 = Release|Any CPU
		{4E017CB3-29D4-4B07-8084-B1F26EA19E83}.Release|x64.ActiveCfg = Release|Any CPU
		{4E017CB3-29D4-4B07-8084-B1F26EA19E83}.Release|x64.Build.0 = Release|Any CPU
		{4E017CB3-29D4-4B07-8084-B1F26EA19E83}.Release|x86.ActiveCfg = Release|Any CPU
		{4E017CB3-29D4-4B07-8084-B1F26EA19E83}.Release|x86.Build.0 = Release|Any CPU
		{8581E362-A4A8-46BC-A478-6A75871234A0}.Debug|Any CPU.ActiveCfg = Debug|Any CPU
		{8581E362-A4A8-46BC-A478-6A75871234A0}.Debug|Any CPU.Build.0 = Debug|Any CPU
		{8581E362-A4A8-46BC-A478-6A75871234A0}.Debug|x64.ActiveCfg = Debug|Any CPU
		{8581E362-A4A8-46BC-A478-6A75871234A0}.Debug|x64.Build.0 = Debug|Any CPU
		{8581E362-A4A8-46BC-A478-6A75871234A0}.Debug|x86.ActiveCfg = Debug|Any CPU
		{8581E362-A4A8-46BC-A478-6A75871234A0}.Debug|x86.Build.0 = Debug|Any CPU
		{8581E362-A4A8-46BC-A478-6A75871234A0}.Release|Any CPU.ActiveCfg = Release|Any CPU
		{8581E362-A4A8-46BC-A478-6A75871234A0}.Release|Any CPU.Build.0 = Release|Any CPU
		{8581E362-A4A8-46BC-A478-6A75871234A0}.Release|x64.ActiveCfg = Release|Any CPU
		{8581E362-A4A8-46BC-A478-6A75871234A0}.Release|x64.Build.0 = Release|Any CPU
		{8581E362-A4A8-46BC-A478-6A75871234A0}.Release|x86.ActiveCfg = Release|Any CPU
		{8581E362-A4A8-46BC-A478-6A75871234A0}.Release|x86.Build.0 = Release|Any CPU
		{FCDC8D45-218A-473E-A12F-DA69562651DE}.Debug|Any CPU.ActiveCfg = Debug|Any CPU
		{FCDC8D45-218A-473E-A12F-DA69562651DE}.Debug|Any CPU.Build.0 = Debug|Any CPU
		{FCDC8D45-218A-473E-A12F-DA69562651DE}.Debug|x64.ActiveCfg = Debug|Any CPU
		{FCDC8D45-218A-473E-A12F-DA69562651DE}.Debug|x64.Build.0 = Debug|Any CPU
		{FCDC8D45-218A-473E-A12F-DA69562651DE}.Debug|x86.ActiveCfg = Debug|Any CPU
		{FCDC8D45-218A-473E-A12F-DA69562651DE}.Debug|x86.Build.0 = Debug|Any CPU
		{FCDC8D45-218A-473E-A12F-DA69562651DE}.Release|Any CPU.ActiveCfg = Release|Any CPU
		{FCDC8D45-218A-473E-A12F-DA69562651DE}.Release|Any CPU.Build.0 = Release|Any CPU
		{FCDC8D45-218A-473E-A12F-DA69562651DE}.Release|x64.ActiveCfg = Release|Any CPU
		{FCDC8D45-218A-473E-A12F-DA69562651DE}.Release|x64.Build.0 = Release|Any CPU
		{FCDC8D45-218A-473E-A12F-DA69562651DE}.Release|x86.ActiveCfg = Release|Any CPU
		{FCDC8D45-218A-473E-A12F-DA69562651DE}.Release|x86.Build.0 = Release|Any CPU
		{B477A968-63F5-43F5-8BB4-F834957EAD62}.Debug|Any CPU.ActiveCfg = Debug|Any CPU
		{B477A968-63F5-43F5-8BB4-F834957EAD62}.Debug|Any CPU.Build.0 = Debug|Any CPU
		{B477A968-63F5-43F5-8BB4-F834957EAD62}.Debug|x64.ActiveCfg = Debug|Any CPU
		{B477A968-63F5-43F5-8BB4-F834957EAD62}.Debug|x64.Build.0 = Debug|Any CPU
		{B477A968-63F5-43F5-8BB4-F834957EAD62}.Debug|x86.ActiveCfg = Debug|Any CPU
		{B477A968-63F5-43F5-8BB4-F834957EAD62}.Debug|x86.Build.0 = Debug|Any CPU
		{B477A968-63F5-43F5-8BB4-F834957EAD62}.Release|Any CPU.ActiveCfg = Release|Any CPU
		{B477A968-63F5-43F5-8BB4-F834957EAD62}.Release|Any CPU.Build.0 = Release|Any CPU
		{B477A968-63F5-43F5-8BB4-F834957EAD62}.Release|x64.ActiveCfg = Release|Any CPU
		{B477A968-63F5-43F5-8BB4-F834957EAD62}.Release|x64.Build.0 = Release|Any CPU
		{B477A968-63F5-43F5-8BB4-F834957EAD62}.Release|x86.ActiveCfg = Release|Any CPU
		{B477A968-63F5-43F5-8BB4-F834957EAD62}.Release|x86.Build.0 = Release|Any CPU
		{31923517-ED8C-449A-9228-8DA9F398C277}.Debug|Any CPU.ActiveCfg = Debug|Any CPU
		{31923517-ED8C-449A-9228-8DA9F398C277}.Debug|Any CPU.Build.0 = Debug|Any CPU
		{31923517-ED8C-449A-9228-8DA9F398C277}.Debug|x64.ActiveCfg = Debug|Any CPU
		{31923517-ED8C-449A-9228-8DA9F398C277}.Debug|x64.Build.0 = Debug|Any CPU
		{31923517-ED8C-449A-9228-8DA9F398C277}.Debug|x86.ActiveCfg = Debug|Any CPU
		{31923517-ED8C-449A-9228-8DA9F398C277}.Debug|x86.Build.0 = Debug|Any CPU
		{31923517-ED8C-449A-9228-8DA9F398C277}.Release|Any CPU.ActiveCfg = Release|Any CPU
		{31923517-ED8C-449A-9228-8DA9F398C277}.Release|Any CPU.Build.0 = Release|Any CPU
		{31923517-ED8C-449A-9228-8DA9F398C277}.Release|x64.ActiveCfg = Release|Any CPU
		{31923517-ED8C-449A-9228-8DA9F398C277}.Release|x64.Build.0 = Release|Any CPU
		{31923517-ED8C-449A-9228-8DA9F398C277}.Release|x86.ActiveCfg = Release|Any CPU
		{31923517-ED8C-449A-9228-8DA9F398C277}.Release|x86.Build.0 = Release|Any CPU
		{7276AB23-018C-4DCA-97E6-E82C5D2D4DDE}.Debug|Any CPU.ActiveCfg = Debug|Any CPU
		{7276AB23-018C-4DCA-97E6-E82C5D2D4DDE}.Debug|Any CPU.Build.0 = Debug|Any CPU
		{7276AB23-018C-4DCA-97E6-E82C5D2D4DDE}.Debug|x64.ActiveCfg = Debug|Any CPU
		{7276AB23-018C-4DCA-97E6-E82C5D2D4DDE}.Debug|x64.Build.0 = Debug|Any CPU
		{7276AB23-018C-4DCA-97E6-E82C5D2D4DDE}.Debug|x86.ActiveCfg = Debug|Any CPU
		{7276AB23-018C-4DCA-97E6-E82C5D2D4DDE}.Debug|x86.Build.0 = Debug|Any CPU
		{7276AB23-018C-4DCA-97E6-E82C5D2D4DDE}.Release|Any CPU.ActiveCfg = Release|Any CPU
		{7276AB23-018C-4DCA-97E6-E82C5D2D4DDE}.Release|Any CPU.Build.0 = Release|Any CPU
		{7276AB23-018C-4DCA-97E6-E82C5D2D4DDE}.Release|x64.ActiveCfg = Release|Any CPU
		{7276AB23-018C-4DCA-97E6-E82C5D2D4DDE}.Release|x64.Build.0 = Release|Any CPU
		{7276AB23-018C-4DCA-97E6-E82C5D2D4DDE}.Release|x86.ActiveCfg = Release|Any CPU
		{7276AB23-018C-4DCA-97E6-E82C5D2D4DDE}.Release|x86.Build.0 = Release|Any CPU
		{E3766CD3-1AE4-43FF-B1A3-4C9CDC8762DF}.Debug|Any CPU.ActiveCfg = Debug|Any CPU
		{E3766CD3-1AE4-43FF-B1A3-4C9CDC8762DF}.Debug|Any CPU.Build.0 = Debug|Any CPU
		{E3766CD3-1AE4-43FF-B1A3-4C9CDC8762DF}.Debug|x64.ActiveCfg = Debug|Any CPU
		{E3766CD3-1AE4-43FF-B1A3-4C9CDC8762DF}.Debug|x64.Build.0 = Debug|Any CPU
		{E3766CD3-1AE4-43FF-B1A3-4C9CDC8762DF}.Debug|x86.ActiveCfg = Debug|Any CPU
		{E3766CD3-1AE4-43FF-B1A3-4C9CDC8762DF}.Debug|x86.Build.0 = Debug|Any CPU
		{E3766CD3-1AE4-43FF-B1A3-4C9CDC8762DF}.Release|Any CPU.ActiveCfg = Release|Any CPU
		{E3766CD3-1AE4-43FF-B1A3-4C9CDC8762DF}.Release|Any CPU.Build.0 = Release|Any CPU
		{E3766CD3-1AE4-43FF-B1A3-4C9CDC8762DF}.Release|x64.ActiveCfg = Release|Any CPU
		{E3766CD3-1AE4-43FF-B1A3-4C9CDC8762DF}.Release|x64.Build.0 = Release|Any CPU
		{E3766CD3-1AE4-43FF-B1A3-4C9CDC8762DF}.Release|x86.ActiveCfg = Release|Any CPU
		{E3766CD3-1AE4-43FF-B1A3-4C9CDC8762DF}.Release|x86.Build.0 = Release|Any CPU
		{7D1E7CE8-C48B-4BA5-AB9E-2C00477C56D1}.Debug|Any CPU.ActiveCfg = Debug|Any CPU
		{7D1E7CE8-C48B-4BA5-AB9E-2C00477C56D1}.Debug|Any CPU.Build.0 = Debug|Any CPU
		{7D1E7CE8-C48B-4BA5-AB9E-2C00477C56D1}.Debug|x64.ActiveCfg = Debug|Any CPU
		{7D1E7CE8-C48B-4BA5-AB9E-2C00477C56D1}.Debug|x64.Build.0 = Debug|Any CPU
		{7D1E7CE8-C48B-4BA5-AB9E-2C00477C56D1}.Debug|x86.ActiveCfg = Debug|Any CPU
		{7D1E7CE8-C48B-4BA5-AB9E-2C00477C56D1}.Debug|x86.Build.0 = Debug|Any CPU
		{7D1E7CE8-C48B-4BA5-AB9E-2C00477C56D1}.Release|Any CPU.ActiveCfg = Release|Any CPU
		{7D1E7CE8-C48B-4BA5-AB9E-2C00477C56D1}.Release|Any CPU.Build.0 = Release|Any CPU
		{7D1E7CE8-C48B-4BA5-AB9E-2C00477C56D1}.Release|x64.ActiveCfg = Release|Any CPU
		{7D1E7CE8-C48B-4BA5-AB9E-2C00477C56D1}.Release|x64.Build.0 = Release|Any CPU
		{7D1E7CE8-C48B-4BA5-AB9E-2C00477C56D1}.Release|x86.ActiveCfg = Release|Any CPU
		{7D1E7CE8-C48B-4BA5-AB9E-2C00477C56D1}.Release|x86.Build.0 = Release|Any CPU
		{76E8C3DA-3A11-45C1-AD12-3E768FEE1062}.Debug|Any CPU.ActiveCfg = Debug|Any CPU
		{76E8C3DA-3A11-45C1-AD12-3E768FEE1062}.Debug|Any CPU.Build.0 = Debug|Any CPU
		{76E8C3DA-3A11-45C1-AD12-3E768FEE1062}.Debug|x64.ActiveCfg = Debug|Any CPU
		{76E8C3DA-3A11-45C1-AD12-3E768FEE1062}.Debug|x64.Build.0 = Debug|Any CPU
		{76E8C3DA-3A11-45C1-AD12-3E768FEE1062}.Debug|x86.ActiveCfg = Debug|Any CPU
		{76E8C3DA-3A11-45C1-AD12-3E768FEE1062}.Debug|x86.Build.0 = Debug|Any CPU
		{76E8C3DA-3A11-45C1-AD12-3E768FEE1062}.Release|Any CPU.ActiveCfg = Release|Any CPU
		{76E8C3DA-3A11-45C1-AD12-3E768FEE1062}.Release|Any CPU.Build.0 = Release|Any CPU
		{76E8C3DA-3A11-45C1-AD12-3E768FEE1062}.Release|x64.ActiveCfg = Release|Any CPU
		{76E8C3DA-3A11-45C1-AD12-3E768FEE1062}.Release|x64.Build.0 = Release|Any CPU
		{76E8C3DA-3A11-45C1-AD12-3E768FEE1062}.Release|x86.ActiveCfg = Release|Any CPU
		{76E8C3DA-3A11-45C1-AD12-3E768FEE1062}.Release|x86.Build.0 = Release|Any CPU
	EndGlobalSection
	GlobalSection(SolutionProperties) = preSolution
		HideSolutionNode = FALSE
	EndGlobalSection
	GlobalSection(NestedProjects) = preSolution
		{024860FD-39E7-4CB9-B731-634B9336E216} = {827E0CD3-B72D-47B6-A68D-7590B98EB39B}
		{CEF3CA0A-02B1-482D-A396-A503742189EF} = {827E0CD3-B72D-47B6-A68D-7590B98EB39B}
		{77A8F342-D985-423F-93A3-05AE461D7400} = {827E0CD3-B72D-47B6-A68D-7590B98EB39B}
		{9AEC2C83-F538-4A04-A528-A8830CFCFCC4} = {827E0CD3-B72D-47B6-A68D-7590B98EB39B}
		{5635FFD4-B260-4BD3-8EAA-D514534176B6} = {827E0CD3-B72D-47B6-A68D-7590B98EB39B}
		{5E72D173-6006-4788-ABEC-27FA9E76023F} = {827E0CD3-B72D-47B6-A68D-7590B98EB39B}
		{2E655544-213A-4C93-B124-20A686274B0B} = {827E0CD3-B72D-47B6-A68D-7590B98EB39B}
		{2198E343-2DA0-4208-9DB7-B8189D8749C8} = {827E0CD3-B72D-47B6-A68D-7590B98EB39B}
		{3A8EC2E8-647F-4623-AA8D-5BAA4C633DF1} = {827E0CD3-B72D-47B6-A68D-7590B98EB39B}
		{4E017CB3-29D4-4B07-8084-B1F26EA19E83} = {827E0CD3-B72D-47B6-A68D-7590B98EB39B}
		{8581E362-A4A8-46BC-A478-6A75871234A0} = {827E0CD3-B72D-47B6-A68D-7590B98EB39B}
		{FCDC8D45-218A-473E-A12F-DA69562651DE} = {827E0CD3-B72D-47B6-A68D-7590B98EB39B}
		{B477A968-63F5-43F5-8BB4-F834957EAD62} = {827E0CD3-B72D-47B6-A68D-7590B98EB39B}
		{31923517-ED8C-449A-9228-8DA9F398C277} = {827E0CD3-B72D-47B6-A68D-7590B98EB39B}
		{7276AB23-018C-4DCA-97E6-E82C5D2D4DDE} = {827E0CD3-B72D-47B6-A68D-7590B98EB39B}
		{E3766CD3-1AE4-43FF-B1A3-4C9CDC8762DF} = {827E0CD3-B72D-47B6-A68D-7590B98EB39B}
		{7D1E7CE8-C48B-4BA5-AB9E-2C00477C56D1} = {827E0CD3-B72D-47B6-A68D-7590B98EB39B}
		{76E8C3DA-3A11-45C1-AD12-3E768FEE1062} = {827E0CD3-B72D-47B6-A68D-7590B98EB39B}
	EndGlobalSection
EndGlobal
